{
  "name": "gridsome-plugin-popover",
  "version": "1.0.0",
  "lockfileVersion": 1,
  "requires": true,
  "dependencies": {
    "vue": {
      "version": "2.6.11",
      "resolved": "https://registry.npmjs.org/vue/-/vue-2.6.11.tgz",
      "integrity": "sha512-VfPwgcGABbGAue9+sfrD4PuwFar7gPb1yl1UK1MwXoQPAw0BKSqWfoYCT/ThFrdEVWoI51dBuyCoiNU9bZDZxQ==",
      "dev": true
    },
    "vue-js-popover": {
      "version": "1.2.1",
      "resolved": "https://registry.npmjs.org/vue-js-popover/-/vue-js-popover-1.2.1.tgz",
      "integrity": "sha512-kcnbv2qIJ26fCWtaDgzBq7A+K8/+w78fr0sQhmqLv66NewggwbsbFX4yqN9KeL4PwHrLfqr1QTBgaR+/TKZWyQ=="
    }
  }
}
